
Microsoft Visual Studio Solution File, Format Version 12.00
# Visual Studio 15
VisualStudioVersion = 15.0.26730.15
MinimumVisualStudioVersion = 10.0.40219.1
Project("{FAE04EC0-301F-11D3-BF4B-00C04F79EFBC}") = "OneHundredDoors", "OneHundredDoors\OneHundredDoors.csproj", "{F2428B64-7A28-45F8-BAB6-B0991C8C1DFF}"
EndProject
Global
	GlobalSection(SolutionConfigurationPlatforms) = preSolution
		Debug|Any CPU = Debug|Any CPU
		Release|Any CPU = Release|Any CPU
	EndGlobalSection
	GlobalSection(ProjectConfigurationPlatforms) = postSolution
		{F2428B64-7A28-45F8-BAB6-B0991C8C1DFF}.Debug|Any CPU.ActiveCfg = Debug|Any CPU
		{F2428B64-7A28-45F8-BAB6-B0991C8C1DFF}.Debug|Any CPU.Build.0 = Debug|Any CPU
		{F2428B64-7A28-45F8-BAB6-B0991C8C1DFF}.Release|Any CPU.ActiveCfg = Release|Any CPU
		{F2428B64-7A28-45F8-BAB6-B0991C8C1DFF}.Release|Any CPU.Build.0 = Release|Any CPU
	EndGlobalSection
	GlobalSection(SolutionProperties) = preSolution
		HideSolutionNode = FALSE
	EndGlobalSection
	GlobalSection(ExtensibilityGlobals) = postSolution
		SolutionGuid = {2FB3BA60-3A10-4B7A-9737-C2BB68F57738}
	EndGlobalSection
EndGlobal
